
Microsoft Visual Studio Solution File, Format Version 12.00
# Visual Studio Version 17
VisualStudioVersion = 17.5.33414.496
MinimumVisualStudioVersion = 10.0.40219.1
Project("{FAE04EC0-301F-11D3-BF4B-00C04F79EFBC}") = "TrabajoPracticoN1", "TrabajoPracticoN1\TrabajoPracticoN1.csproj", "{3820EDD6-0EFC-47D8-9B23-529A11E4BC03}"
EndProject
Global
	GlobalSection(SolutionConfigurationPlatforms) = preSolution
		Debug|Any CPU = Debug|Any CPU
		Release|Any CPU = Release|Any CPU
	EndGlobalSection
	GlobalSection(ProjectConfigurationPlatforms) = postSolution
		{3820EDD6-0EFC-47D8-9B23-529A11E4BC03}.Debug|Any CPU.ActiveCfg = Debug|Any CPU
		{3820EDD6-0EFC-47D8-9B23-529A11E4BC03}.Debug|Any CPU.Build.0 = Debug|Any CPU
		{3820EDD6-0EFC-47D8-9B23-529A11E4BC03}.Release|Any CPU.ActiveCfg = Release|Any CPU
		{3820EDD6-0EFC-47D8-9B23-529A11E4BC03}.Release|Any CPU.Build.0 = Release|Any CPU
	EndGlobalSection
	GlobalSection(SolutionProperties) = preSolution
		HideSolutionNode = FALSE
	EndGlobalSection
	GlobalSection(ExtensibilityGlobals) = postSolution
		SolutionGuid = {0212B592-1659-4D84-BDDB-8F5EF49B8587}
	EndGlobalSection
EndGlobal
