
Microsoft Visual Studio Solution File, Format Version 12.00
# Visual Studio Version 17
VisualStudioVersion = 17.5.33414.496
MinimumVisualStudioVersion = 10.0.40219.1
Project("{FAE04EC0-301F-11D3-BF4B-00C04F79EFBC}") = "LabNetHelloWorld", "LabNetHelloWorld\LabNetHelloWorld.csproj", "{099FB355-615E-4C6E-A214-6E3BB400F642}"
EndProject
Global
	GlobalSection(SolutionConfigurationPlatforms) = preSolution
		Debug|Any CPU = Debug|Any CPU
		Release|Any CPU = Release|Any CPU
	EndGlobalSection
	GlobalSection(ProjectConfigurationPlatforms) = postSolution
		{099FB355-615E-4C6E-A214-6E3BB400F642}.Debug|Any CPU.ActiveCfg = Debug|Any CPU
		{099FB355-615E-4C6E-A214-6E3BB400F642}.Debug|Any CPU.Build.0 = Debug|Any CPU
		{099FB355-615E-4C6E-A214-6E3BB400F642}.Release|Any CPU.ActiveCfg = Release|Any CPU
		{099FB355-615E-4C6E-A214-6E3BB400F642}.Release|Any CPU.Build.0 = Release|Any CPU
	EndGlobalSection
	GlobalSection(SolutionProperties) = preSolution
		HideSolutionNode = FALSE
	EndGlobalSection
	GlobalSection(ExtensibilityGlobals) = postSolution
		SolutionGuid = {B6267E3B-9DA9-4F17-A0C2-038D565BE264}
	EndGlobalSection
EndGlobal
